{
  "requires": true,
  "lockfileVersion": 1,
  "dependencies": {
    "@babel/runtime": {
      "version": "7.17.9",
      "resolved": "https://registry.npmjs.org/@babel/runtime/-/runtime-7.17.9.tgz",
      "integrity": "sha512-lSiBBvodq29uShpWGNbgFdKYNiFDo5/HIYsaCEY9ff4sb10x9jizo2+pRrSyF4jKZCXqgzuqBOQKbUm90gQwJg==",
      "requires": {
        "regenerator-runtime": "^0.13.4"
      }
    },
    "asap": {
      "version": "2.0.6",
      "resolved": "https://registry.npmjs.org/asap/-/asap-2.0.6.tgz",
      "integrity": "sha1-5QNHYR1+aQlDIIu9r+vLwvuGbUY="
    },
    "autobind-decorator": {
      "version": "2.4.0",
      "resolved": "https://registry.npmjs.org/autobind-decorator/-/autobind-decorator-2.4.0.tgz",
      "integrity": "sha512-OGYhWUO72V6DafbF8PM8rm3EPbfuyMZcJhtm5/n26IDwO18pohE4eNazLoCGhPiXOCD0gEGmrbU3849QvM8bbw=="
    },
    "chessboardjsx": {
      "version": "2.4.7",
      "resolved": "https://registry.npmjs.org/chessboardjsx/-/chessboardjsx-2.4.7.tgz",
      "integrity": "sha512-cJN06EWkrRPSQhOFEbw16zL5D9N6jYs29N2gG0IzSDhDpzWyHaTfUcLq/7e0moZ5Pr7m7vbhEyKuw8/lV22YOA==",
      "requires": {
        "deep-diff": "1.0.1",
        "lodash.isequal": "4.5.0",
        "react-dnd": "2.6.0",
        "react-dnd-html5-backend": "4.0.5",
        "react-dnd-multi-backend": "3.1.2"
      }
    },
    "deep-diff": {
      "version": "1.0.1",
      "resolved": "https://registry.npmjs.org/deep-diff/-/deep-diff-1.0.1.tgz",
      "integrity": "sha512-Vkn+eQK6H63gObVi3KWmPMb4RdzMpfdp5t0HNppq8Oc7xbwmvBy5BIHsEYSXOiS9Lr/W+3lF020zyPTsGfea4g=="
    },
    "disposables": {
      "version": "1.0.2",
      "resolved": "https://registry.npmjs.org/disposables/-/disposables-1.0.2.tgz",
      "integrity": "sha1-NsamdEdfVaLWkTVnpgFETkh7S24="
    },
    "dnd-core": {
      "version": "2.6.0",
      "resolved": "https://registry.npmjs.org/dnd-core/-/dnd-core-2.6.0.tgz",
      "integrity": "sha1-ErrWbVh0LG5ffPKUP7aFlED4CcQ=",
      "requires": {
        "asap": "^2.0.6",
        "invariant": "^2.0.0",
        "lodash": "^4.2.0",
        "redux": "^3.7.1"
      }
    },
    "dnd-multi-backend": {
      "version": "3.2.1",
      "resolved": "https://registry.npmjs.org/dnd-multi-backend/-/dnd-multi-backend-3.2.1.tgz",
      "integrity": "sha512-A783JbrONpeufxX+jDMHOxR2AWh+gFv5Z/lLpDB3vdON6t0bb2fHSh8fKH2h8gOLRAJGD08m9xYXAJIWreTI5A=="
    },
    "hoist-non-react-statics": {
      "version": "2.5.5",
      "resolved": "https://registry.npmjs.org/hoist-non-react-statics/-/hoist-non-react-statics-2.5.5.tgz",
      "integrity": "sha512-rqcy4pJo55FTTLWt+bU8ukscqHeE/e9KWvsOW2b/a3afxQZhwkQdT1rPPCJ0rYXdj4vNcasY8zHTH+jF/qStxw=="
    },
    "invariant": {
      "version": "2.2.4",
      "resolved": "https://registry.npmjs.org/invariant/-/invariant-2.2.4.tgz",
      "integrity": "sha512-phJfQVBuaJM5raOpJjSfkiD6BpbCE4Ns//LaXl6wGYtUBY83nWS6Rf9tXm2e8VaK60JEjYldbPif/A2B1C2gNA==",
      "requires": {
        "loose-envify": "^1.0.0"
      }
    },
    "js-tokens": {
      "version": "4.0.0",
      "resolved": "https://registry.npmjs.org/js-tokens/-/js-tokens-4.0.0.tgz",
      "integrity": "sha512-RdJUflcE3cUzKiMqQgsCu06FPu9UdIJO0beYbPhHN4k6apgJtifcoCtT9bcxOpYBtpD2kCM6Sbzg4CausW/PKQ=="
    },
    "lodash": {
      "version": "4.17.21",
      "resolved": "https://registry.npmjs.org/lodash/-/lodash-4.17.21.tgz",
      "integrity": "sha512-v2kDEe57lecTulaDIuNTPy3Ry4gLGJ6Z1O3vE1krgXZNrsQ+LFTGHVxVjcXPs17LhbZVGedAJv8XZ1tvj5FvSg=="
    },
    "lodash-es": {
      "version": "4.17.21",
      "resolved": "https://registry.npmjs.org/lodash-es/-/lodash-es-4.17.21.tgz",
      "integrity": "sha512-mKnC+QJ9pWVzv+C4/U3rRsHapFfHvQFoFB92e52xeyGMcX6/OlIl78je1u8vePzYZSkkogMPJ2yjxxsb89cxyw=="
    },
    "lodash.isequal": {
      "version": "4.5.0",
      "resolved": "https://registry.npmjs.org/lodash.isequal/-/lodash.isequal-4.5.0.tgz",
      "integrity": "sha1-QVxEePK8wwEgwizhDtMib30+GOA="
    },
    "loose-envify": {
      "version": "1.4.0",
      "resolved": "https://registry.npmjs.org/loose-envify/-/loose-envify-1.4.0.tgz",
      "integrity": "sha512-lyuxPGr/Wfhrlem2CL/UcnUc1zcqKAImBDzukY7Y5F/yQiNdko6+fRLevlw1HgMySw7f611UIY408EtxRSoK3Q==",
      "requires": {
        "js-tokens": "^3.0.0 || ^4.0.0"
      }
    },
    "object-assign": {
      "version": "4.1.1",
      "resolved": "https://registry.npmjs.org/object-assign/-/object-assign-4.1.1.tgz",
      "integrity": "sha1-IQmtx5ZYh8/AXLvUQsrIv7s2CGM="
    },
    "prop-types": {
      "version": "15.8.1",
      "resolved": "https://registry.npmjs.org/prop-types/-/prop-types-15.8.1.tgz",
      "integrity": "sha512-oj87CgZICdulUohogVAR7AjlC0327U4el4L6eAvOqCeudMDVU0NThNaV+b9Df4dXgSP1gXMTnPdhfe/2qDH5cg==",
      "requires": {
        "loose-envify": "^1.4.0",
        "object-assign": "^4.1.1",
        "react-is": "^16.13.1"
      }
    },
    "react": {
      "version": "18.0.0",
      "resolved": "https://registry.npmjs.org/react/-/react-18.0.0.tgz",
      "integrity": "sha512-x+VL6wbT4JRVPm7EGxXhZ8w8LTROaxPXOqhlGyVSrv0sB1jkyFGgXxJ8LVoPRLvPR6/CIZGFmfzqUa2NYeMr2A==",
      "requires": {
        "loose-envify": "^1.1.0"
      }
    },
    "react-dnd": {
      "version": "2.6.0",
      "resolved": "https://registry.npmjs.org/react-dnd/-/react-dnd-2.6.0.tgz",
      "integrity": "sha1-f6JWds+CfViokSk+PBq1naACVFo=",
      "requires": {
        "disposables": "^1.0.1",
        "dnd-core": "^2.6.0",
        "hoist-non-react-statics": "^2.1.0",
        "invariant": "^2.1.0",
        "lodash": "^4.2.0",
        "prop-types": "^15.5.10"
      }
    },
    "react-dnd-html5-backend": {
      "version": "4.0.5",
      "resolved": "https://registry.npmjs.org/react-dnd-html5-backend/-/react-dnd-html5-backend-4.0.5.tgz",
      "integrity": "sha1-NmMqLVz6+KXUPFhmhfbdaWtQzN4=",
      "requires": {
        "autobind-decorator": "^2.1.0",
        "dnd-core": "^4.0.5",
        "lodash": "^4.17.10",
        "shallowequal": "^1.0.2"
      },
      "dependencies": {
        "dnd-core": {
          "version": "4.0.5",
          "resolved": "https://registry.npmjs.org/dnd-core/-/dnd-core-4.0.5.tgz",
          "integrity": "sha1-O4PRONDV4mXHPsl43sXh7UQdxmU=",
          "requires": {
            "asap": "^2.0.6",
            "invariant": "^2.2.4",
            "lodash": "^4.17.10",
            "redux": "^4.0.0"
          }
        },
        "redux": {
          "version": "4.1.2",
          "resolved": "https://registry.npmjs.org/redux/-/redux-4.1.2.tgz",
          "integrity": "sha512-SH8PglcebESbd/shgf6mii6EIoRM0zrQyjcuQ+ojmfxjTtE0z9Y8pa62iA/OJ58qjP6j27uyW4kUF4jl/jd6sw==",
          "requires": {
            "@babel/runtime": "^7.9.2"
          }
        }
      }
    },
    "react-dnd-multi-backend": {
      "version": "3.1.2",
      "resolved": "https://registry.npmjs.org/react-dnd-multi-backend/-/react-dnd-multi-backend-3.1.2.tgz",
      "integrity": "sha512-6dzxVcK6T7WEHP9Q/IDVZkp3S7yVPg+6kzC3XzWDCcrJLyfTnlrz3G9KWGy52gdXxVVqBKS295LUbE9E79CnIw==",
      "requires": {
        "dnd-multi-backend": "^3.1.0",
        "prop-types": "^15.5.8",
        "react": "*",
        "react-dnd-html5-backend": "*",
        "react-dnd-preview": "^3.0.7",
        "react-dnd-touch-backend": "^0.3.13"
      }
    },
    "react-dnd-preview": {
      "version": "3.2.2",
      "resolved": "https://registry.npmjs.org/react-dnd-preview/-/react-dnd-preview-3.2.2.tgz",
      "integrity": "sha512-IuuU9X4cX7b0xahnbOcj+Ec2VGBlPJHogZXUCtfp/JfVdvoW8M1M/jA8rx28BlIJ7BAc0YY24TxHk5Rm4faExQ==",
      "requires": {
        "prop-types": "^15.6.2"
      }
    },
    "react-dnd-touch-backend": {
      "version": "0.3.21",
      "resolved": "https://registry.npmjs.org/react-dnd-touch-backend/-/react-dnd-touch-backend-0.3.21.tgz",
      "integrity": "sha512-ZFnk+NbllEVKE2Puq8411+SZe2UFgfFPlz7EfFBhfZHsSx+rjRhX0JnMtqZWlGL5uDXl5uELzOsFXloi/sGKNw==",
      "requires": {
        "invariant": "^2.2.2",
        "react-dnd": "^2.5.4"
      }
    },
    "react-is": {
      "version": "16.13.1",
      "resolved": "https://registry.npmjs.org/react-is/-/react-is-16.13.1.tgz",
      "integrity": "sha512-24e6ynE2H+OKt4kqsOvNd8kBpV65zoxbA4BVsEOB3ARVWQki/DHzaUoC5KuON/BiccDaCCTZBuOcfZs70kR8bQ=="
    },
    "redux": {
      "version": "3.7.2",
      "resolved": "https://registry.npmjs.org/redux/-/redux-3.7.2.tgz",
      "integrity": "sha512-pNqnf9q1hI5HHZRBkj3bAngGZW/JMCmexDlOxw4XagXY2o1327nHH54LoTjiPJ0gizoqPDRqWyX/00g0hD6w+A==",
      "requires": {
        "lodash": "^4.2.1",
        "lodash-es": "^4.2.1",
        "loose-envify": "^1.1.0",
        "symbol-observable": "^1.0.3"
      }
    },
    "regenerator-runtime": {
      "version": "0.13.9",
      "resolved": "https://registry.npmjs.org/regenerator-runtime/-/regenerator-runtime-0.13.9.tgz",
      "integrity": "sha512-p3VT+cOEgxFsRRA9X4lkI1E+k2/CtnKtU4gcxyaCUreilL/vqI6CdZ3wxVUx3UOUg+gnUOQQcRI7BmSI656MYA=="
    },
    "shallowequal": {
      "version": "1.1.0",
      "resolved": "https://registry.npmjs.org/shallowequal/-/shallowequal-1.1.0.tgz",
      "integrity": "sha512-y0m1JoUZSlPAjXVtPPW70aZWfIL/dSP7AFkRnniLCrK/8MDKog3TySTBmckD+RObVxH0v4Tox67+F14PdED2oQ=="
    },
    "symbol-observable": {
      "version": "1.2.0",
      "resolved": "https://registry.npmjs.org/symbol-observable/-/symbol-observable-1.2.0.tgz",
      "integrity": "sha512-e900nM8RRtGhlV36KGEU9k65K3mPb1WV70OdjfxlG2EAuM1noi/E/BaW/uMhL7bPEssK8QV57vN3esixjUvcXQ=="
    }
  }
}
